
Microsoft Visual Studio Solution File, Format Version 12.00
# Visual Studio Version 16
VisualStudioVersion = 16.0.31025.194
MinimumVisualStudioVersion = 10.0.40219.1
Project("{FAE04EC0-301F-11D3-BF4B-00C04F79EFBC}") = "StajUygulama2", "StajUygulama2\StajUygulama2.csproj", "{CEA2BED5-2FC9-4A0E-98E4-33F222A946CA}"
EndProject
Global
	GlobalSection(SolutionConfigurationPlatforms) = preSolution
		Debug|Any CPU = Debug|Any CPU
		Release|Any CPU = Release|Any CPU
	EndGlobalSection
	GlobalSection(ProjectConfigurationPlatforms) = postSolution
		{CEA2BED5-2FC9-4A0E-98E4-33F222A946CA}.Debug|Any CPU.ActiveCfg = Debug|Any CPU
		{CEA2BED5-2FC9-4A0E-98E4-33F222A946CA}.Debug|Any CPU.Build.0 = Debug|Any CPU
		{CEA2BED5-2FC9-4A0E-98E4-33F222A946CA}.Release|Any CPU.ActiveCfg = Release|Any CPU
		{CEA2BED5-2FC9-4A0E-98E4-33F222A946CA}.Release|Any CPU.Build.0 = Release|Any CPU
	EndGlobalSection
	GlobalSection(SolutionProperties) = preSolution
		HideSolutionNode = FALSE
	EndGlobalSection
	GlobalSection(ExtensibilityGlobals) = postSolution
		SolutionGuid = {D73C8837-629F-4F65-AB24-75E000315145}
	EndGlobalSection
EndGlobal
